
Microsoft Visual Studio Solution File, Format Version 12.00
# Visual Studio Version 16
VisualStudioVersion = 16.0.32802.440
MinimumVisualStudioVersion = 10.0.40219.1
Project("{FAE04EC0-301F-11D3-BF4B-00C04F79EFBC}") = "Skillspire Workshop app", "Skillspire Workshop app\Skillspire Workshop app.csproj", "{5F04E6B7-D558-425A-9F04-991D15AF5A04}"
EndProject
Global
	GlobalSection(SolutionConfigurationPlatforms) = preSolution
		Debug|Any CPU = Debug|Any CPU
		Release|Any CPU = Release|Any CPU
	EndGlobalSection
	GlobalSection(ProjectConfigurationPlatforms) = postSolution
		{5F04E6B7-D558-425A-9F04-991D15AF5A04}.Debug|Any CPU.ActiveCfg = Debug|Any CPU
		{5F04E6B7-D558-425A-9F04-991D15AF5A04}.Debug|Any CPU.Build.0 = Debug|Any CPU
		{5F04E6B7-D558-425A-9F04-991D15AF5A04}.Release|Any CPU.ActiveCfg = Release|Any CPU
		{5F04E6B7-D558-425A-9F04-991D15AF5A04}.Release|Any CPU.Build.0 = Release|Any CPU
	EndGlobalSection
	GlobalSection(SolutionProperties) = preSolution
		HideSolutionNode = FALSE
	EndGlobalSection
	GlobalSection(ExtensibilityGlobals) = postSolution
		SolutionGuid = {49A8B7A5-6030-4776-8205-AB296FA8CAD2}
	EndGlobalSection
EndGlobal
